
Microsoft Visual Studio Solution File, Format Version 12.00
# Visual Studio 15
VisualStudioVersion = 15.0.26730.12
MinimumVisualStudioVersion = 10.0.40219.1
Project("{FAE04EC0-301F-11D3-BF4B-00C04F79EFBC}") = "CardGameConsoleApp", "CardGameConsoleApp\CardGameConsoleApp.csproj", "{996B25ED-0ECB-43A9-86D0-7E9248A346AB}"
EndProject
Project("{FAE04EC0-301F-11D3-BF4B-00C04F79EFBC}") = "Cards", "Cards\Cards.csproj", "{261B794F-40BA-4809-8BB4-50DD7EA03C52}"
EndProject
Global
	GlobalSection(SolutionConfigurationPlatforms) = preSolution
		Debug|Any CPU = Debug|Any CPU
		Release|Any CPU = Release|Any CPU
	EndGlobalSection
	GlobalSection(ProjectConfigurationPlatforms) = postSolution
		{996B25ED-0ECB-43A9-86D0-7E9248A346AB}.Debug|Any CPU.ActiveCfg = Debug|Any CPU
		{996B25ED-0ECB-43A9-86D0-7E9248A346AB}.Debug|Any CPU.Build.0 = Debug|Any CPU
		{996B25ED-0ECB-43A9-86D0-7E9248A346AB}.Release|Any CPU.ActiveCfg = Release|Any CPU
		{996B25ED-0ECB-43A9-86D0-7E9248A346AB}.Release|Any CPU.Build.0 = Release|Any CPU
		{261B794F-40BA-4809-8BB4-50DD7EA03C52}.Debug|Any CPU.ActiveCfg = Debug|Any CPU
		{261B794F-40BA-4809-8BB4-50DD7EA03C52}.Debug|Any CPU.Build.0 = Debug|Any CPU
		{261B794F-40BA-4809-8BB4-50DD7EA03C52}.Release|Any CPU.ActiveCfg = Release|Any CPU
		{261B794F-40BA-4809-8BB4-50DD7EA03C52}.Release|Any CPU.Build.0 = Release|Any CPU
	EndGlobalSection
	GlobalSection(SolutionProperties) = preSolution
		HideSolutionNode = FALSE
	EndGlobalSection
	GlobalSection(ExtensibilityGlobals) = postSolution
		SolutionGuid = {86104289-F58C-42D7-B9BC-51FF284BE625}
	EndGlobalSection
EndGlobal
